
Microsoft Visual Studio Solution File, Format Version 12.00
# Visual Studio Version 17
VisualStudioVersion = 17.6.33815.320
MinimumVisualStudioVersion = 10.0.40219.1
Project("{9A19103F-16F7-4668-BE54-9A1E7A4F7556}") = "NP02. Socket_server", "NP02. Socket_server\NP02. Socket_server.csproj", "{797154C1-A2FE-4011-8814-C68FC398B256}"
EndProject
Project("{2150E333-8FDC-42A3-9474-1A3956D46DE8}") = "NP02. Socket", "NP02. Socket", "{4E5D0DE0-1080-4656-B0F2-C1E6DEA148DD}"
EndProject
Project("{9A19103F-16F7-4668-BE54-9A1E7A4F7556}") = "NP02. Socket_client", "NP02. Socket_client\NP02. Socket_client.csproj", "{396E73A7-2172-4580-80C3-582D2882942D}"
EndProject
Project("{2150E333-8FDC-42A3-9474-1A3956D46DE8}") = "NP03. UDP, TCPClient, TCPListener, UDPListener", "NP03. UDP, TCPClient, TCPListener, UDPListener", "{D46BA247-ECD2-45BD-A59C-A06ED51AFCCB}"
EndProject
Project("{9A19103F-16F7-4668-BE54-9A1E7A4F7556}") = "NP03. UDP_Client", "NP03. UDP_Client\NP03. UDP_Client.csproj", "{EE3B820D-E688-4254-8D22-D1EEB5BB9058}"
EndProject
Project("{9A19103F-16F7-4668-BE54-9A1E7A4F7556}") = "NP03. UDP_Server", "NP03. UDP_Server\NP03. UDP_Server.csproj", "{8A65EBC5-8CD3-4EEA-A24F-1FC3E55A754A}"
EndProject
Project("{9A19103F-16F7-4668-BE54-9A1E7A4F7556}") = "NP03. TCP_Server", "NP03. TCP_Server\NP03. TCP_Server.csproj", "{EB605FEE-C6F9-43B8-9535-70B05A8DCFEA}"
EndProject
Project("{9A19103F-16F7-4668-BE54-9A1E7A4F7556}") = "NP03. TCP_Client", "NP03. TCP_Client\NP03. TCP_Client.csproj", "{EC5972D6-DC47-454B-96D3-F7C90BC1C16F}"
EndProject
Project("{9A19103F-16F7-4668-BE54-9A1E7A4F7556}") = "NP03.UDP_listener_server", "NP03.UDP_listener_server\NP03.UDP_listener_server.csproj", "{0A4F2C54-D7C2-4290-908C-ACDE8FF2A7F6}"
EndProject
Project("{9A19103F-16F7-4668-BE54-9A1E7A4F7556}") = "NP03. UDP_client_client", "NP03. UDP_client_client\NP03. UDP_client_client.csproj", "{EA86410A-ADDE-4E7C-B2E0-3B68F0E1B096}"
EndProject
Project("{888888A0-9F3D-457C-B088-3A5042F75D52}") = "NP03. UDP_SERVER_PYTHON", "NP03. UDP_SERVER_PYTHON\NP03. UDP_SERVER_PYTHON.pyproj", "{6686695D-BFAD-494F-AFED-D38F1D1C1A1E}"
EndProject
Project("{8BC9CEB8-8B4A-11D0-8D11-00A0C91BC942}") = "NP03. UDP_SERVER_C", "NP03. UDP_SERVER_C\NP03. UDP_SERVER_C.vcxproj", "{3A6A6B87-9CB4-43E8-853C-67BF83395FD3}"
EndProject
Project("{2150E333-8FDC-42A3-9474-1A3956D46DE8}") = "NP04. TCP_MANGER", "NP04. TCP_MANGER", "{29CAF5ED-A6C3-4D6F-8253-BEFA083C0616}"
EndProject
Project("{9A19103F-16F7-4668-BE54-9A1E7A4F7556}") = "NP04. TCP_MANAGER_CLIENT", "NP04. TCP_MANAGER_CLIENT\NP04. TCP_MANAGER_CLIENT.csproj", "{F2C10B85-0C00-4A73-B9C4-DC0BB3177E13}"
EndProject
Project("{9A19103F-16F7-4668-BE54-9A1E7A4F7556}") = "NP04. TCP_SERVER", "NP04. TCP_SERVER\NP04. TCP_SERVER.csproj", "{BCF25478-EC3D-4E70-A4C2-73CB6107522C}"
EndProject
Project("{2150E333-8FDC-42A3-9474-1A3956D46DE8}") = "NP05. Unicast, Multicast, Broadcast", "NP05. Unicast, Multicast, Broadcast", "{20E5928E-D9CA-46A4-AC76-43438826D434}"
EndProject
Project("{9A19103F-16F7-4668-BE54-9A1E7A4F7556}") = "NP05. Broadcast Listener", "NP05. Broadcast Listener\NP05. Broadcast Listener.csproj", "{502C68AD-A618-4E05-9091-A5E5FCFB947E}"
EndProject
Project("{9A19103F-16F7-4668-BE54-9A1E7A4F7556}") = "NP05. Broadcast client", "NP05. Broadcast client\NP05. Broadcast client.csproj", "{09742BCE-3ECF-48EA-99B2-95D086B31B9C}"
EndProject
Project("{9A19103F-16F7-4668-BE54-9A1E7A4F7556}") = "NP05. Multicast_Group_Listener", "NP05. Multicast_Group_Listener\NP05. Multicast_Group_Listener.csproj", "{2EFC13CB-974B-44FD-BCB0-EC1E5FB62947}"
EndProject
Project("{9A19103F-16F7-4668-BE54-9A1E7A4F7556}") = "NP05. Multicats_Group_Client", "NP05. Multicats_Group_Client\NP05. Multicats_Group_Client.csproj", "{BBD32B76-9583-4C6D-BDD7-20A6CEA6E599}"
EndProject
Project("{2150E333-8FDC-42A3-9474-1A3956D46DE8}") = "NP06. HTTP", "NP06. HTTP", "{708E55AD-47E6-494E-A535-1E7793904689}"
EndProject
Project("{9A19103F-16F7-4668-BE54-9A1E7A4F7556}") = "NP06. Http_Client", "NP06. Http_Client\NP06. Http_Client.csproj", "{88860EA3-1FAF-4E3F-ABFC-010E9D659323}"
EndProject
Project("{2150E333-8FDC-42A3-9474-1A3956D46DE8}") = "NP07. Http Client, Http Listener", "NP07. Http Client, Http Listener", "{D722D042-AA55-464C-AA36-7A05D690470A}"
EndProject
Project("{9A19103F-16F7-4668-BE54-9A1E7A4F7556}") = "NP07. Http_lient example", "NP07. Http_lient example\NP07. Http_lient example.csproj", "{06DC4216-E58B-4120-9B9D-6D2EE78FFA16}"
EndProject
Project("{9A19103F-16F7-4668-BE54-9A1E7A4F7556}") = "NP07. Http Listener", "NP07. Http Listener\NP07. Http Listener.csproj", "{61E8AF93-B197-429D-89A9-36F827D6E507}"
EndProject
Project("{9A19103F-16F7-4668-BE54-9A1E7A4F7556}") = "NP07. Http Listener with form", "NP07. Http Listener with form\NP07. Http Listener with form.csproj", "{3F24D9B8-7339-44A3-9854-2AF97EBC5265}"
EndProject
Project("{2150E333-8FDC-42A3-9474-1A3956D46DE8}") = "NP08. FTP, SMTP, IMAP", "NP08. FTP, SMTP, IMAP", "{8AD069EB-64C8-4AA0-BF78-DFB60517CFFF}"
EndProject
Project("{FAE04EC0-301F-11D3-BF4B-00C04F79EFBC}") = "NP08. Mail protocols", "NP08. Mail protocols\NP08. Mail protocols.csproj", "{C7C2606C-4F07-4EDF-950A-9EAECF188BEF}"
EndProject
Global
	GlobalSection(SolutionConfigurationPlatforms) = preSolution
		Debug|Any CPU = Debug|Any CPU
		Debug|x64 = Debug|x64
		Debug|x86 = Debug|x86
		Release|Any CPU = Release|Any CPU
		Release|x64 = Release|x64
		Release|x86 = Release|x86
	EndGlobalSection
	GlobalSection(ProjectConfigurationPlatforms) = postSolution
		{797154C1-A2FE-4011-8814-C68FC398B256}.Debug|Any CPU.ActiveCfg = Debug|Any CPU
		{797154C1-A2FE-4011-8814-C68FC398B256}.Debug|Any CPU.Build.0 = Debug|Any CPU
		{797154C1-A2FE-4011-8814-C68FC398B256}.Debug|x64.ActiveCfg = Debug|Any CPU
		{797154C1-A2FE-4011-8814-C68FC398B256}.Debug|x64.Build.0 = Debug|Any CPU
		{797154C1-A2FE-4011-8814-C68FC398B256}.Debug|x86.ActiveCfg = Debug|Any CPU
		{797154C1-A2FE-4011-8814-C68FC398B256}.Debug|x86.Build.0 = Debug|Any CPU
		{797154C1-A2FE-4011-8814-C68FC398B256}.Release|Any CPU.ActiveCfg = Release|Any CPU
		{797154C1-A2FE-4011-8814-C68FC398B256}.Release|Any CPU.Build.0 = Release|Any CPU
		{797154C1-A2FE-4011-8814-C68FC398B256}.Release|x64.ActiveCfg = Release|Any CPU
		{797154C1-A2FE-4011-8814-C68FC398B256}.Release|x64.Build.0 = Release|Any CPU
		{797154C1-A2FE-4011-8814-C68FC398B256}.Release|x86.ActiveCfg = Release|Any CPU
		{797154C1-A2FE-4011-8814-C68FC398B256}.Release|x86.Build.0 = Release|Any CPU
		{396E73A7-2172-4580-80C3-582D2882942D}.Debug|Any CPU.ActiveCfg = Debug|Any CPU
		{396E73A7-2172-4580-80C3-582D2882942D}.Debug|Any CPU.Build.0 = Debug|Any CPU
		{396E73A7-2172-4580-80C3-582D2882942D}.Debug|x64.ActiveCfg = Debug|Any CPU
		{396E73A7-2172-4580-80C3-582D2882942D}.Debug|x64.Build.0 = Debug|Any CPU
		{396E73A7-2172-4580-80C3-582D2882942D}.Debug|x86.ActiveCfg = Debug|Any CPU
		{396E73A7-2172-4580-80C3-582D2882942D}.Debug|x86.Build.0 = Debug|Any CPU
		{396E73A7-2172-4580-80C3-582D2882942D}.Release|Any CPU.ActiveCfg = Release|Any CPU
		{396E73A7-2172-4580-80C3-582D2882942D}.Release|Any CPU.Build.0 = Release|Any CPU
		{396E73A7-2172-4580-80C3-582D2882942D}.Release|x64.ActiveCfg = Release|Any CPU
		{396E73A7-2172-4580-80C3-582D2882942D}.Release|x64.Build.0 = Release|Any CPU
		{396E73A7-2172-4580-80C3-582D2882942D}.Release|x86.ActiveCfg = Release|Any CPU
		{396E73A7-2172-4580-80C3-582D2882942D}.Release|x86.Build.0 = Release|Any CPU
		{EE3B820D-E688-4254-8D22-D1EEB5BB9058}.Debug|Any CPU.ActiveCfg = Debug|Any CPU
		{EE3B820D-E688-4254-8D22-D1EEB5BB9058}.Debug|Any CPU.Build.0 = Debug|Any CPU
		{EE3B820D-E688-4254-8D22-D1EEB5BB9058}.Debug|x64.ActiveCfg = Debug|Any CPU
		{EE3B820D-E688-4254-8D22-D1EEB5BB9058}.Debug|x64.Build.0 = Debug|Any CPU
		{EE3B820D-E688-4254-8D22-D1EEB5BB9058}.Debug|x86.ActiveCfg = Debug|Any CPU
		{EE3B820D-E688-4254-8D22-D1EEB5BB9058}.Debug|x86.Build.0 = Debug|Any CPU
		{EE3B820D-E688-4254-8D22-D1EEB5BB9058}.Release|Any CPU.ActiveCfg = Release|Any CPU
		{EE3B820D-E688-4254-8D22-D1EEB5BB9058}.Release|Any CPU.Build.0 = Release|Any CPU
		{EE3B820D-E688-4254-8D22-D1EEB5BB9058}.Release|x64.ActiveCfg = Release|Any CPU
		{EE3B820D-E688-4254-8D22-D1EEB5BB9058}.Release|x64.Build.0 = Release|Any CPU
		{EE3B820D-E688-4254-8D22-D1EEB5BB9058}.Release|x86.ActiveCfg = Release|Any CPU
		{EE3B820D-E688-4254-8D22-D1EEB5BB9058}.Release|x86.Build.0 = Release|Any CPU
		{8A65EBC5-8CD3-4EEA-A24F-1FC3E55A754A}.Debug|Any CPU.ActiveCfg = Debug|Any CPU
		{8A65EBC5-8CD3-4EEA-A24F-1FC3E55A754A}.Debug|Any CPU.Build.0 = Debug|Any CPU
		{8A65EBC5-8CD3-4EEA-A24F-1FC3E55A754A}.Debug|x64.ActiveCfg = Debug|Any CPU
		{8A65EBC5-8CD3-4EEA-A24F-1FC3E55A754A}.Debug|x64.Build.0 = Debug|Any CPU
		{8A65EBC5-8CD3-4EEA-A24F-1FC3E55A754A}.Debug|x86.ActiveCfg = Debug|Any CPU
		{8A65EBC5-8CD3-4EEA-A24F-1FC3E55A754A}.Debug|x86.Build.0 = Debug|Any CPU
		{8A65EBC5-8CD3-4EEA-A24F-1FC3E55A754A}.Release|Any CPU.ActiveCfg = Release|Any CPU
		{8A65EBC5-8CD3-4EEA-A24F-1FC3E55A754A}.Release|Any CPU.Build.0 = Release|Any CPU
		{8A65EBC5-8CD3-4EEA-A24F-1FC3E55A754A}.Release|x64.ActiveCfg = Release|Any CPU
		{8A65EBC5-8CD3-4EEA-A24F-1FC3E55A754A}.Release|x64.Build.0 = Release|Any CPU
		{8A65EBC5-8CD3-4EEA-A24F-1FC3E55A754A}.Release|x86.ActiveCfg = Release|Any CPU
		{8A65EBC5-8CD3-4EEA-A24F-1FC3E55A754A}.Release|x86.Build.0 = Release|Any CPU
		{EB605FEE-C6F9-43B8-9535-70B05A8DCFEA}.Debug|Any CPU.ActiveCfg = Debug|Any CPU
		{EB605FEE-C6F9-43B8-9535-70B05A8DCFEA}.Debug|Any CPU.Build.0 = Debug|Any CPU
		{EB605FEE-C6F9-43B8-9535-70B05A8DCFEA}.Debug|x64.ActiveCfg = Debug|Any CPU
		{EB605FEE-C6F9-43B8-9535-70B05A8DCFEA}.Debug|x64.Build.0 = Debug|Any CPU
		{EB605FEE-C6F9-43B8-9535-70B05A8DCFEA}.Debug|x86.ActiveCfg = Debug|Any CPU
		{EB605FEE-C6F9-43B8-9535-70B05A8DCFEA}.Debug|x86.Build.0 = Debug|Any CPU
		{EB605FEE-C6F9-43B8-9535-70B05A8DCFEA}.Release|Any CPU.ActiveCfg = Release|Any CPU
		{EB605FEE-C6F9-43B8-9535-70B05A8DCFEA}.Release|Any CPU.Build.0 = Release|Any CPU
		{EB605FEE-C6F9-43B8-9535-70B05A8DCFEA}.Release|x64.ActiveCfg = Release|Any CPU
		{EB605FEE-C6F9-43B8-9535-70B05A8DCFEA}.Release|x64.Build.0 = Release|Any CPU
		{EB605FEE-C6F9-43B8-9535-70B05A8DCFEA}.Release|x86.ActiveCfg = Release|Any CPU
		{EB605FEE-C6F9-43B8-9535-70B05A8DCFEA}.Release|x86.Build.0 = Release|Any CPU
		{EC5972D6-DC47-454B-96D3-F7C90BC1C16F}.Debug|Any CPU.ActiveCfg = Debug|Any CPU
		{EC5972D6-DC47-454B-96D3-F7C90BC1C16F}.Debug|Any CPU.Build.0 = Debug|Any CPU
		{EC5972D6-DC47-454B-96D3-F7C90BC1C16F}.Debug|x64.ActiveCfg = Debug|Any CPU
		{EC5972D6-DC47-454B-96D3-F7C90BC1C16F}.Debug|x64.Build.0 = Debug|Any CPU
		{EC5972D6-DC47-454B-96D3-F7C90BC1C16F}.Debug|x86.ActiveCfg = Debug|Any CPU
		{EC5972D6-DC47-454B-96D3-F7C90BC1C16F}.Debug|x86.Build.0 = Debug|Any CPU
		{EC5972D6-DC47-454B-96D3-F7C90BC1C16F}.Release|Any CPU.ActiveCfg = Release|Any CPU
		{EC5972D6-DC47-454B-96D3-F7C90BC1C16F}.Release|Any CPU.Build.0 = Release|Any CPU
		{EC5972D6-DC47-454B-96D3-F7C90BC1C16F}.Release|x64.ActiveCfg = Release|Any CPU
		{EC5972D6-DC47-454B-96D3-F7C90BC1C16F}.Release|x64.Build.0 = Release|Any CPU
		{EC5972D6-DC47-454B-96D3-F7C90BC1C16F}.Release|x86.ActiveCfg = Release|Any CPU
		{EC5972D6-DC47-454B-96D3-F7C90BC1C16F}.Release|x86.Build.0 = Release|Any CPU
		{0A4F2C54-D7C2-4290-908C-ACDE8FF2A7F6}.Debug|Any CPU.ActiveCfg = Debug|Any CPU
		{0A4F2C54-D7C2-4290-908C-ACDE8FF2A7F6}.Debug|Any CPU.Build.0 = Debug|Any CPU
		{0A4F2C54-D7C2-4290-908C-ACDE8FF2A7F6}.Debug|x64.ActiveCfg = Debug|Any CPU
		{0A4F2C54-D7C2-4290-908C-ACDE8FF2A7F6}.Debug|x64.Build.0 = Debug|Any CPU
		{0A4F2C54-D7C2-4290-908C-ACDE8FF2A7F6}.Debug|x86.ActiveCfg = Debug|Any CPU
		{0A4F2C54-D7C2-4290-908C-ACDE8FF2A7F6}.Debug|x86.Build.0 = Debug|Any CPU
		{0A4F2C54-D7C2-4290-908C-ACDE8FF2A7F6}.Release|Any CPU.ActiveCfg = Release|Any CPU
		{0A4F2C54-D7C2-4290-908C-ACDE8FF2A7F6}.Release|Any CPU.Build.0 = Release|Any CPU
		{0A4F2C54-D7C2-4290-908C-ACDE8FF2A7F6}.Release|x64.ActiveCfg = Release|Any CPU
		{0A4F2C54-D7C2-4290-908C-ACDE8FF2A7F6}.Release|x64.Build.0 = Release|Any CPU
		{0A4F2C54-D7C2-4290-908C-ACDE8FF2A7F6}.Release|x86.ActiveCfg = Release|Any CPU
		{0A4F2C54-D7C2-4290-908C-ACDE8FF2A7F6}.Release|x86.Build.0 = Release|Any CPU
		{EA86410A-ADDE-4E7C-B2E0-3B68F0E1B096}.Debug|Any CPU.ActiveCfg = Debug|Any CPU
		{EA86410A-ADDE-4E7C-B2E0-3B68F0E1B096}.Debug|Any CPU.Build.0 = Debug|Any CPU
		{EA86410A-ADDE-4E7C-B2E0-3B68F0E1B096}.Debug|x64.ActiveCfg = Debug|Any CPU
		{EA86410A-ADDE-4E7C-B2E0-3B68F0E1B096}.Debug|x64.Build.0 = Debug|Any CPU
		{EA86410A-ADDE-4E7C-B2E0-3B68F0E1B096}.Debug|x86.ActiveCfg = Debug|Any CPU
		{EA86410A-ADDE-4E7C-B2E0-3B68F0E1B096}.Debug|x86.Build.0 = Debug|Any CPU
		{EA86410A-ADDE-4E7C-B2E0-3B68F0E1B096}.Release|Any CPU.ActiveCfg = Release|Any CPU
		{EA86410A-ADDE-4E7C-B2E0-3B68F0E1B096}.Release|Any CPU.Build.0 = Release|Any CPU
		{EA86410A-ADDE-4E7C-B2E0-3B68F0E1B096}.Release|x64.ActiveCfg = Release|Any CPU
		{EA86410A-ADDE-4E7C-B2E0-3B68F0E1B096}.Release|x64.Build.0 = Release|Any CPU
		{EA86410A-ADDE-4E7C-B2E0-3B68F0E1B096}.Release|x86.ActiveCfg = Release|Any CPU
		{EA86410A-ADDE-4E7C-B2E0-3B68F0E1B096}.Release|x86.Build.0 = Release|Any CPU
		{6686695D-BFAD-494F-AFED-D38F1D1C1A1E}.Debug|Any CPU.ActiveCfg = Debug|Any CPU
		{6686695D-BFAD-494F-AFED-D38F1D1C1A1E}.Debug|x64.ActiveCfg = Debug|Any CPU
		{6686695D-BFAD-494F-AFED-D38F1D1C1A1E}.Debug|x86.ActiveCfg = Debug|Any CPU
		{6686695D-BFAD-494F-AFED-D38F1D1C1A1E}.Release|Any CPU.ActiveCfg = Release|Any CPU
		{6686695D-BFAD-494F-AFED-D38F1D1C1A1E}.Release|x64.ActiveCfg = Release|Any CPU
		{6686695D-BFAD-494F-AFED-D38F1D1C1A1E}.Release|x86.ActiveCfg = Release|Any CPU
		{3A6A6B87-9CB4-43E8-853C-67BF83395FD3}.Debug|Any CPU.ActiveCfg = Debug|x64
		{3A6A6B87-9CB4-43E8-853C-67BF83395FD3}.Debug|Any CPU.Build.0 = Debug|x64
		{3A6A6B87-9CB4-43E8-853C-67BF83395FD3}.Debug|x64.ActiveCfg = Debug|x64
		{3A6A6B87-9CB4-43E8-853C-67BF83395FD3}.Debug|x64.Build.0 = Debug|x64
		{3A6A6B87-9CB4-43E8-853C-67BF83395FD3}.Debug|x86.ActiveCfg = Debug|Win32
		{3A6A6B87-9CB4-43E8-853C-67BF83395FD3}.Debug|x86.Build.0 = Debug|Win32
		{3A6A6B87-9CB4-43E8-853C-67BF83395FD3}.Release|Any CPU.ActiveCfg = Release|x64
		{3A6A6B87-9CB4-43E8-853C-67BF83395FD3}.Release|Any CPU.Build.0 = Release|x64
		{3A6A6B87-9CB4-43E8-853C-67BF83395FD3}.Release|x64.ActiveCfg = Release|x64
		{3A6A6B87-9CB4-43E8-853C-67BF83395FD3}.Release|x64.Build.0 = Release|x64
		{3A6A6B87-9CB4-43E8-853C-67BF83395FD3}.Release|x86.ActiveCfg = Release|Win32
		{3A6A6B87-9CB4-43E8-853C-67BF83395FD3}.Release|x86.Build.0 = Release|Win32
		{F2C10B85-0C00-4A73-B9C4-DC0BB3177E13}.Debug|Any CPU.ActiveCfg = Debug|Any CPU
		{F2C10B85-0C00-4A73-B9C4-DC0BB3177E13}.Debug|Any CPU.Build.0 = Debug|Any CPU
		{F2C10B85-0C00-4A73-B9C4-DC0BB3177E13}.Debug|x64.ActiveCfg = Debug|Any CPU
		{F2C10B85-0C00-4A73-B9C4-DC0BB3177E13}.Debug|x64.Build.0 = Debug|Any CPU
		{F2C10B85-0C00-4A73-B9C4-DC0BB3177E13}.Debug|x86.ActiveCfg = Debug|Any CPU
		{F2C10B85-0C00-4A73-B9C4-DC0BB3177E13}.Debug|x86.Build.0 = Debug|Any CPU
		{F2C10B85-0C00-4A73-B9C4-DC0BB3177E13}.Release|Any CPU.ActiveCfg = Release|Any CPU
		{F2C10B85-0C00-4A73-B9C4-DC0BB3177E13}.Release|Any CPU.Build.0 = Release|Any CPU
		{F2C10B85-0C00-4A73-B9C4-DC0BB3177E13}.Release|x64.ActiveCfg = Release|Any CPU
		{F2C10B85-0C00-4A73-B9C4-DC0BB3177E13}.Release|x64.Build.0 = Release|Any CPU
		{F2C10B85-0C00-4A73-B9C4-DC0BB3177E13}.Release|x86.ActiveCfg = Release|Any CPU
		{F2C10B85-0C00-4A73-B9C4-DC0BB3177E13}.Release|x86.Build.0 = Release|Any CPU
		{BCF25478-EC3D-4E70-A4C2-73CB6107522C}.Debug|Any CPU.ActiveCfg = Debug|Any CPU
		{BCF25478-EC3D-4E70-A4C2-73CB6107522C}.Debug|Any CPU.Build.0 = Debug|Any CPU
		{BCF25478-EC3D-4E70-A4C2-73CB6107522C}.Debug|x64.ActiveCfg = Debug|Any CPU
		{BCF25478-EC3D-4E70-A4C2-73CB6107522C}.Debug|x64.Build.0 = Debug|Any CPU
		{BCF25478-EC3D-4E70-A4C2-73CB6107522C}.Debug|x86.ActiveCfg = Debug|Any CPU
		{BCF25478-EC3D-4E70-A4C2-73CB6107522C}.Debug|x86.Build.0 = Debug|Any CPU
		{BCF25478-EC3D-4E70-A4C2-73CB6107522C}.Release|Any CPU.ActiveCfg = Release|Any CPU
		{BCF25478-EC3D-4E70-A4C2-73CB6107522C}.Release|Any CPU.Build.0 = Release|Any CPU
		{BCF25478-EC3D-4E70-A4C2-73CB6107522C}.Release|x64.ActiveCfg = Release|Any CPU
		{BCF25478-EC3D-4E70-A4C2-73CB6107522C}.Release|x64.Build.0 = Release|Any CPU
		{BCF25478-EC3D-4E70-A4C2-73CB6107522C}.Release|x86.ActiveCfg = Release|Any CPU
		{BCF25478-EC3D-4E70-A4C2-73CB6107522C}.Release|x86.Build.0 = Release|Any CPU
		{502C68AD-A618-4E05-9091-A5E5FCFB947E}.Debug|Any CPU.ActiveCfg = Debug|Any CPU
		{502C68AD-A618-4E05-9091-A5E5FCFB947E}.Debug|Any CPU.Build.0 = Debug|Any CPU
		{502C68AD-A618-4E05-9091-A5E5FCFB947E}.Debug|x64.ActiveCfg = Debug|Any CPU
		{502C68AD-A618-4E05-9091-A5E5FCFB947E}.Debug|x64.Build.0 = Debug|Any CPU
		{502C68AD-A618-4E05-9091-A5E5FCFB947E}.Debug|x86.ActiveCfg = Debug|Any CPU
		{502C68AD-A618-4E05-9091-A5E5FCFB947E}.Debug|x86.Build.0 = Debug|Any CPU
		{502C68AD-A618-4E05-9091-A5E5FCFB947E}.Release|Any CPU.ActiveCfg = Release|Any CPU
		{502C68AD-A618-4E05-9091-A5E5FCFB947E}.Release|Any CPU.Build.0 = Release|Any CPU
		{502C68AD-A618-4E05-9091-A5E5FCFB947E}.Release|x64.ActiveCfg = Release|Any CPU
		{502C68AD-A618-4E05-9091-A5E5FCFB947E}.Release|x64.Build.0 = Release|Any CPU
		{502C68AD-A618-4E05-9091-A5E5FCFB947E}.Release|x86.ActiveCfg = Release|Any CPU
		{502C68AD-A618-4E05-9091-A5E5FCFB947E}.Release|x86.Build.0 = Release|Any CPU
		{09742BCE-3ECF-48EA-99B2-95D086B31B9C}.Debug|Any CPU.ActiveCfg = Debug|Any CPU
		{09742BCE-3ECF-48EA-99B2-95D086B31B9C}.Debug|Any CPU.Build.0 = Debug|Any CPU
		{09742BCE-3ECF-48EA-99B2-95D086B31B9C}.Debug|x64.ActiveCfg = Debug|Any CPU
		{09742BCE-3ECF-48EA-99B2-95D086B31B9C}.Debug|x64.Build.0 = Debug|Any CPU
		{09742BCE-3ECF-48EA-99B2-95D086B31B9C}.Debug|x86.ActiveCfg = Debug|Any CPU
		{09742BCE-3ECF-48EA-99B2-95D086B31B9C}.Debug|x86.Build.0 = Debug|Any CPU
		{09742BCE-3ECF-48EA-99B2-95D086B31B9C}.Release|Any CPU.ActiveCfg = Release|Any CPU
		{09742BCE-3ECF-48EA-99B2-95D086B31B9C}.Release|Any CPU.Build.0 = Release|Any CPU
		{09742BCE-3ECF-48EA-99B2-95D086B31B9C}.Release|x64.ActiveCfg = Release|Any CPU
		{09742BCE-3ECF-48EA-99B2-95D086B31B9C}.Release|x64.Build.0 = Release|Any CPU
		{09742BCE-3ECF-48EA-99B2-95D086B31B9C}.Release|x86.ActiveCfg = Release|Any CPU
		{09742BCE-3ECF-48EA-99B2-95D086B31B9C}.Release|x86.Build.0 = Release|Any CPU
		{2EFC13CB-974B-44FD-BCB0-EC1E5FB62947}.Debug|Any CPU.ActiveCfg = Debug|Any CPU
		{2EFC13CB-974B-44FD-BCB0-EC1E5FB62947}.Debug|Any CPU.Build.0 = Debug|Any CPU
		{2EFC13CB-974B-44FD-BCB0-EC1E5FB62947}.Debug|x64.ActiveCfg = Debug|Any CPU
		{2EFC13CB-974B-44FD-BCB0-EC1E5FB62947}.Debug|x64.Build.0 = Debug|Any CPU
		{2EFC13CB-974B-44FD-BCB0-EC1E5FB62947}.Debug|x86.ActiveCfg = Debug|Any CPU
		{2EFC13CB-974B-44FD-BCB0-EC1E5FB62947}.Debug|x86.Build.0 = Debug|Any CPU
		{2EFC13CB-974B-44FD-BCB0-EC1E5FB62947}.Release|Any CPU.ActiveCfg = Release|Any CPU
		{2EFC13CB-974B-44FD-BCB0-EC1E5FB62947}.Release|Any CPU.Build.0 = Release|Any CPU
		{2EFC13CB-974B-44FD-BCB0-EC1E5FB62947}.Release|x64.ActiveCfg = Release|Any CPU
		{2EFC13CB-974B-44FD-BCB0-EC1E5FB62947}.Release|x64.Build.0 = Release|Any CPU
		{2EFC13CB-974B-44FD-BCB0-EC1E5FB62947}.Release|x86.ActiveCfg = Release|Any CPU
		{2EFC13CB-974B-44FD-BCB0-EC1E5FB62947}.Release|x86.Build.0 = Release|Any CPU
		{BBD32B76-9583-4C6D-BDD7-20A6CEA6E599}.Debug|Any CPU.ActiveCfg = Debug|Any CPU
		{BBD32B76-9583-4C6D-BDD7-20A6CEA6E599}.Debug|Any CPU.Build.0 = Debug|Any CPU
		{BBD32B76-9583-4C6D-BDD7-20A6CEA6E599}.Debug|x64.ActiveCfg = Debug|Any CPU
		{BBD32B76-9583-4C6D-BDD7-20A6CEA6E599}.Debug|x64.Build.0 = Debug|Any CPU
		{BBD32B76-9583-4C6D-BDD7-20A6CEA6E599}.Debug|x86.ActiveCfg = Debug|Any CPU
		{BBD32B76-9583-4C6D-BDD7-20A6CEA6E599}.Debug|x86.Build.0 = Debug|Any CPU
		{BBD32B76-9583-4C6D-BDD7-20A6CEA6E599}.Release|Any CPU.ActiveCfg = Release|Any CPU
		{BBD32B76-9583-4C6D-BDD7-20A6CEA6E599}.Release|Any CPU.Build.0 = Release|Any CPU
		{BBD32B76-9583-4C6D-BDD7-20A6CEA6E599}.Release|x64.ActiveCfg = Release|Any CPU
		{BBD32B76-9583-4C6D-BDD7-20A6CEA6E599}.Release|x64.Build.0 = Release|Any CPU
		{BBD32B76-9583-4C6D-BDD7-20A6CEA6E599}.Release|x86.ActiveCfg = Release|Any CPU
		{BBD32B76-9583-4C6D-BDD7-20A6CEA6E599}.Release|x86.Build.0 = Release|Any CPU
		{88860EA3-1FAF-4E3F-ABFC-010E9D659323}.Debug|Any CPU.ActiveCfg = Debug|Any CPU
		{88860EA3-1FAF-4E3F-ABFC-010E9D659323}.Debug|Any CPU.Build.0 = Debug|Any CPU
		{88860EA3-1FAF-4E3F-ABFC-010E9D659323}.Debug|x64.ActiveCfg = Debug|Any CPU
		{88860EA3-1FAF-4E3F-ABFC-010E9D659323}.Debug|x64.Build.0 = Debug|Any CPU
		{88860EA3-1FAF-4E3F-ABFC-010E9D659323}.Debug|x86.ActiveCfg = Debug|Any CPU
		{88860EA3-1FAF-4E3F-ABFC-010E9D659323}.Debug|x86.Build.0 = Debug|Any CPU
		{88860EA3-1FAF-4E3F-ABFC-010E9D659323}.Release|Any CPU.ActiveCfg = Release|Any CPU
		{88860EA3-1FAF-4E3F-ABFC-010E9D659323}.Release|Any CPU.Build.0 = Release|Any CPU
		{88860EA3-1FAF-4E3F-ABFC-010E9D659323}.Release|x64.ActiveCfg = Release|Any CPU
		{88860EA3-1FAF-4E3F-ABFC-010E9D659323}.Release|x64.Build.0 = Release|Any CPU
		{88860EA3-1FAF-4E3F-ABFC-010E9D659323}.Release|x86.ActiveCfg = Release|Any CPU
		{88860EA3-1FAF-4E3F-ABFC-010E9D659323}.Release|x86.Build.0 = Release|Any CPU
		{06DC4216-E58B-4120-9B9D-6D2EE78FFA16}.Debug|Any CPU.ActiveCfg = Debug|Any CPU
		{06DC4216-E58B-4120-9B9D-6D2EE78FFA16}.Debug|Any CPU.Build.0 = Debug|Any CPU
		{06DC4216-E58B-4120-9B9D-6D2EE78FFA16}.Debug|x64.ActiveCfg = Debug|Any CPU
		{06DC4216-E58B-4120-9B9D-6D2EE78FFA16}.Debug|x64.Build.0 = Debug|Any CPU
		{06DC4216-E58B-4120-9B9D-6D2EE78FFA16}.Debug|x86.ActiveCfg = Debug|Any CPU
		{06DC4216-E58B-4120-9B9D-6D2EE78FFA16}.Debug|x86.Build.0 = Debug|Any CPU
		{06DC4216-E58B-4120-9B9D-6D2EE78FFA16}.Release|Any CPU.ActiveCfg = Release|Any CPU
		{06DC4216-E58B-4120-9B9D-6D2EE78FFA16}.Release|Any CPU.Build.0 = Release|Any CPU
		{06DC4216-E58B-4120-9B9D-6D2EE78FFA16}.Release|x64.ActiveCfg = Release|Any CPU
		{06DC4216-E58B-4120-9B9D-6D2EE78FFA16}.Release|x64.Build.0 = Release|Any CPU
		{06DC4216-E58B-4120-9B9D-6D2EE78FFA16}.Release|x86.ActiveCfg = Release|Any CPU
		{06DC4216-E58B-4120-9B9D-6D2EE78FFA16}.Release|x86.Build.0 = Release|Any CPU
		{61E8AF93-B197-429D-89A9-36F827D6E507}.Debug|Any CPU.ActiveCfg = Debug|Any CPU
		{61E8AF93-B197-429D-89A9-36F827D6E507}.Debug|Any CPU.Build.0 = Debug|Any CPU
		{61E8AF93-B197-429D-89A9-36F827D6E507}.Debug|x64.ActiveCfg = Debug|Any CPU
		{61E8AF93-B197-429D-89A9-36F827D6E507}.Debug|x64.Build.0 = Debug|Any CPU
		{61E8AF93-B197-429D-89A9-36F827D6E507}.Debug|x86.ActiveCfg = Debug|Any CPU
		{61E8AF93-B197-429D-89A9-36F827D6E507}.Debug|x86.Build.0 = Debug|Any CPU
		{61E8AF93-B197-429D-89A9-36F827D6E507}.Release|Any CPU.ActiveCfg = Release|Any CPU
		{61E8AF93-B197-429D-89A9-36F827D6E507}.Release|Any CPU.Build.0 = Release|Any CPU
		{61E8AF93-B197-429D-89A9-36F827D6E507}.Release|x64.ActiveCfg = Release|Any CPU
		{61E8AF93-B197-429D-89A9-36F827D6E507}.Release|x64.Build.0 = Release|Any CPU
		{61E8AF93-B197-429D-89A9-36F827D6E507}.Release|x86.ActiveCfg = Release|Any CPU
		{61E8AF93-B197-429D-89A9-36F827D6E507}.Release|x86.Build.0 = Release|Any CPU
		{3F24D9B8-7339-44A3-9854-2AF97EBC5265}.Debug|Any CPU.ActiveCfg = Debug|Any CPU
		{3F24D9B8-7339-44A3-9854-2AF97EBC5265}.Debug|Any CPU.Build.0 = Debug|Any CPU
		{3F24D9B8-7339-44A3-9854-2AF97EBC5265}.Debug|x64.ActiveCfg = Debug|Any CPU
		{3F24D9B8-7339-44A3-9854-2AF97EBC5265}.Debug|x64.Build.0 = Debug|Any CPU
		{3F24D9B8-7339-44A3-9854-2AF97EBC5265}.Debug|x86.ActiveCfg = Debug|Any CPU
		{3F24D9B8-7339-44A3-9854-2AF97EBC5265}.Debug|x86.Build.0 = Debug|Any CPU
		{3F24D9B8-7339-44A3-9854-2AF97EBC5265}.Release|Any CPU.ActiveCfg = Release|Any CPU
		{3F24D9B8-7339-44A3-9854-2AF97EBC5265}.Release|Any CPU.Build.0 = Release|Any CPU
		{3F24D9B8-7339-44A3-9854-2AF97EBC5265}.Release|x64.ActiveCfg = Release|Any CPU
		{3F24D9B8-7339-44A3-9854-2AF97EBC5265}.Release|x64.Build.0 = Release|Any CPU
		{3F24D9B8-7339-44A3-9854-2AF97EBC5265}.Release|x86.ActiveCfg = Release|Any CPU
		{3F24D9B8-7339-44A3-9854-2AF97EBC5265}.Release|x86.Build.0 = Release|Any CPU
		{C7C2606C-4F07-4EDF-950A-9EAECF188BEF}.Debug|Any CPU.ActiveCfg = Debug|Any CPU
		{C7C2606C-4F07-4EDF-950A-9EAECF188BEF}.Debug|Any CPU.Build.0 = Debug|Any CPU
		{C7C2606C-4F07-4EDF-950A-9EAECF188BEF}.Debug|x64.ActiveCfg = Debug|Any CPU
		{C7C2606C-4F07-4EDF-950A-9EAECF188BEF}.Debug|x64.Build.0 = Debug|Any CPU
		{C7C2606C-4F07-4EDF-950A-9EAECF188BEF}.Debug|x86.ActiveCfg = Debug|Any CPU
		{C7C2606C-4F07-4EDF-950A-9EAECF188BEF}.Debug|x86.Build.0 = Debug|Any CPU
		{C7C2606C-4F07-4EDF-950A-9EAECF188BEF}.Release|Any CPU.ActiveCfg = Release|Any CPU
		{C7C2606C-4F07-4EDF-950A-9EAECF188BEF}.Release|Any CPU.Build.0 = Release|Any CPU
		{C7C2606C-4F07-4EDF-950A-9EAECF188BEF}.Release|x64.ActiveCfg = Release|Any CPU
		{C7C2606C-4F07-4EDF-950A-9EAECF188BEF}.Release|x64.Build.0 = Release|Any CPU
		{C7C2606C-4F07-4EDF-950A-9EAECF188BEF}.Release|x86.ActiveCfg = Release|Any CPU
		{C7C2606C-4F07-4EDF-950A-9EAECF188BEF}.Release|x86.Build.0 = Release|Any CPU
	EndGlobalSection
	GlobalSection(SolutionProperties) = preSolution
		HideSolutionNode = FALSE
	EndGlobalSection
	GlobalSection(NestedProjects) = preSolution
		{797154C1-A2FE-4011-8814-C68FC398B256} = {4E5D0DE0-1080-4656-B0F2-C1E6DEA148DD}
		{396E73A7-2172-4580-80C3-582D2882942D} = {4E5D0DE0-1080-4656-B0F2-C1E6DEA148DD}
		{EE3B820D-E688-4254-8D22-D1EEB5BB9058} = {D46BA247-ECD2-45BD-A59C-A06ED51AFCCB}
		{8A65EBC5-8CD3-4EEA-A24F-1FC3E55A754A} = {D46BA247-ECD2-45BD-A59C-A06ED51AFCCB}
		{EB605FEE-C6F9-43B8-9535-70B05A8DCFEA} = {D46BA247-ECD2-45BD-A59C-A06ED51AFCCB}
		{EC5972D6-DC47-454B-96D3-F7C90BC1C16F} = {D46BA247-ECD2-45BD-A59C-A06ED51AFCCB}
		{0A4F2C54-D7C2-4290-908C-ACDE8FF2A7F6} = {D46BA247-ECD2-45BD-A59C-A06ED51AFCCB}
		{EA86410A-ADDE-4E7C-B2E0-3B68F0E1B096} = {D46BA247-ECD2-45BD-A59C-A06ED51AFCCB}
		{6686695D-BFAD-494F-AFED-D38F1D1C1A1E} = {D46BA247-ECD2-45BD-A59C-A06ED51AFCCB}
		{3A6A6B87-9CB4-43E8-853C-67BF83395FD3} = {D46BA247-ECD2-45BD-A59C-A06ED51AFCCB}
		{F2C10B85-0C00-4A73-B9C4-DC0BB3177E13} = {29CAF5ED-A6C3-4D6F-8253-BEFA083C0616}
		{BCF25478-EC3D-4E70-A4C2-73CB6107522C} = {29CAF5ED-A6C3-4D6F-8253-BEFA083C0616}
		{502C68AD-A618-4E05-9091-A5E5FCFB947E} = {20E5928E-D9CA-46A4-AC76-43438826D434}
		{09742BCE-3ECF-48EA-99B2-95D086B31B9C} = {20E5928E-D9CA-46A4-AC76-43438826D434}
		{2EFC13CB-974B-44FD-BCB0-EC1E5FB62947} = {20E5928E-D9CA-46A4-AC76-43438826D434}
		{BBD32B76-9583-4C6D-BDD7-20A6CEA6E599} = {20E5928E-D9CA-46A4-AC76-43438826D434}
		{88860EA3-1FAF-4E3F-ABFC-010E9D659323} = {708E55AD-47E6-494E-A535-1E7793904689}
		{06DC4216-E58B-4120-9B9D-6D2EE78FFA16} = {D722D042-AA55-464C-AA36-7A05D690470A}
		{61E8AF93-B197-429D-89A9-36F827D6E507} = {D722D042-AA55-464C-AA36-7A05D690470A}
		{3F24D9B8-7339-44A3-9854-2AF97EBC5265} = {D722D042-AA55-464C-AA36-7A05D690470A}
		{C7C2606C-4F07-4EDF-950A-9EAECF188BEF} = {8AD069EB-64C8-4AA0-BF78-DFB60517CFFF}
	EndGlobalSection
	GlobalSection(ExtensibilityGlobals) = postSolution
		SolutionGuid = {E4F2E8B9-E507-435D-A083-78FB4976AE6D}
	EndGlobalSection
EndGlobal
